
Microsoft Visual Studio Solution File, Format Version 12.00
# Visual Studio Version 17
VisualStudioVersion = 17.7.34031.279
MinimumVisualStudioVersion = 10.0.40219.1
Project("{FAE04EC0-301F-11D3-BF4B-00C04F79EFBC}") = "Library_Management", "Library_Management\Library_Management.csproj", "{0A07B0D2-9D7D-4E02-895A-932B26A1CA08}"
EndProject
Project("{2150E333-8FDC-42A3-9474-1A3956D46DE8}") = "Solution Items", "Solution Items", "{A6936374-2AC5-44AC-8018-2FF5B596350C}"
EndProject
Global
	GlobalSection(SolutionConfigurationPlatforms) = preSolution
		Debug|Any CPU = Debug|Any CPU
		Release|Any CPU = Release|Any CPU
	EndGlobalSection
	GlobalSection(ProjectConfigurationPlatforms) = postSolution
		{0A07B0D2-9D7D-4E02-895A-932B26A1CA08}.Debug|Any CPU.ActiveCfg = Debug|Any CPU
		{0A07B0D2-9D7D-4E02-895A-932B26A1CA08}.Debug|Any CPU.Build.0 = Debug|Any CPU
		{0A07B0D2-9D7D-4E02-895A-932B26A1CA08}.Release|Any CPU.ActiveCfg = Release|Any CPU
		{0A07B0D2-9D7D-4E02-895A-932B26A1CA08}.Release|Any CPU.Build.0 = Release|Any CPU
	EndGlobalSection
	GlobalSection(SolutionProperties) = preSolution
		HideSolutionNode = FALSE
	EndGlobalSection
	GlobalSection(ExtensibilityGlobals) = postSolution
		SolutionGuid = {4D57F5F6-3A9C-45A9-B5AD-24ACB5F08E5B}
	EndGlobalSection
EndGlobal
